
Microsoft Visual Studio Solution File, Format Version 12.00
# Visual Studio Version 17
VisualStudioVersion = 17.14.36518.9
MinimumVisualStudioVersion = 10.0.40219.1
Project("{FAE04EC0-301F-11D3-BF4B-00C04F79EFBC}") = "Client app", "Client app\Client app.csproj", "{06BD4F9C-8B33-4832-ADE7-B093D1636FD9}"
EndProject
Project("{FAE04EC0-301F-11D3-BF4B-00C04F79EFBC}") = "Server app", "Server app\Server app.csproj", "{51DA1477-D814-4101-AD4C-73DE5C38DE25}"
EndProject
Global
	GlobalSection(SolutionConfigurationPlatforms) = preSolution
		Debug|Any CPU = Debug|Any CPU
		Release|Any CPU = Release|Any CPU
	EndGlobalSection
	GlobalSection(ProjectConfigurationPlatforms) = postSolution
		{06BD4F9C-8B33-4832-ADE7-B093D1636FD9}.Debug|Any CPU.ActiveCfg = Debug|Any CPU
		{06BD4F9C-8B33-4832-ADE7-B093D1636FD9}.Debug|Any CPU.Build.0 = Debug|Any CPU
		{06BD4F9C-8B33-4832-ADE7-B093D1636FD9}.Release|Any CPU.ActiveCfg = Release|Any CPU
		{06BD4F9C-8B33-4832-ADE7-B093D1636FD9}.Release|Any CPU.Build.0 = Release|Any CPU
		{51DA1477-D814-4101-AD4C-73DE5C38DE25}.Debug|Any CPU.ActiveCfg = Debug|Any CPU
		{51DA1477-D814-4101-AD4C-73DE5C38DE25}.Debug|Any CPU.Build.0 = Debug|Any CPU
		{51DA1477-D814-4101-AD4C-73DE5C38DE25}.Release|Any CPU.ActiveCfg = Release|Any CPU
		{51DA1477-D814-4101-AD4C-73DE5C38DE25}.Release|Any CPU.Build.0 = Release|Any CPU
	EndGlobalSection
	GlobalSection(SolutionProperties) = preSolution
		HideSolutionNode = FALSE
	EndGlobalSection
	GlobalSection(ExtensibilityGlobals) = postSolution
		SolutionGuid = {B6FCDA89-1153-4E48-82D6-541816FD29B1}
	EndGlobalSection
EndGlobal
